
Microsoft Visual Studio Solution File, Format Version 12.00
# Visual Studio Version 17
VisualStudioVersion = 17.9.34728.123
MinimumVisualStudioVersion = 10.0.40219.1
Project("{9A19103F-16F7-4668-BE54-9A1E7A4F7556}") = "API", "..\LMS.v1\API\API.csproj", "{57820491-D666-4741-B394-24B2A6FCE65F}"
EndProject
Project("{9A19103F-16F7-4668-BE54-9A1E7A4F7556}") = "Domain", "..\LMS.v1\Domain\Domain.csproj", "{6B15F0AE-55AB-4A30-A371-155C4105EF5B}"
EndProject
Project("{9A19103F-16F7-4668-BE54-9A1E7A4F7556}") = "Infrastructure", "..\LMS.v1\Infrastructure\Infrastructure.csproj", "{1F00C969-C864-4E61-8FE6-E738259181AF}"
EndProject
Project("{9A19103F-16F7-4668-BE54-9A1E7A4F7556}") = "Shared", "..\LMS.v1\Shared\Shared.csproj", "{6FD3C3B6-EB44-4018-BD4E-BAC58B728C96}"
EndProject
Project("{FAE04EC0-301F-11D3-BF4B-00C04F79EFBC}") = "Application", "Application\Application.csproj", "{8CA1352B-1B1E-4CBD-AD82-F78BD6987BD0}"
EndProject
Global
	GlobalSection(SolutionConfigurationPlatforms) = preSolution
		Debug|Any CPU = Debug|Any CPU
		Release|Any CPU = Release|Any CPU
	EndGlobalSection
	GlobalSection(ProjectConfigurationPlatforms) = postSolution
		{57820491-D666-4741-B394-24B2A6FCE65F}.Debug|Any CPU.ActiveCfg = Debug|Any CPU
		{57820491-D666-4741-B394-24B2A6FCE65F}.Debug|Any CPU.Build.0 = Debug|Any CPU
		{57820491-D666-4741-B394-24B2A6FCE65F}.Release|Any CPU.ActiveCfg = Release|Any CPU
		{57820491-D666-4741-B394-24B2A6FCE65F}.Release|Any CPU.Build.0 = Release|Any CPU
		{6B15F0AE-55AB-4A30-A371-155C4105EF5B}.Debug|Any CPU.ActiveCfg = Debug|Any CPU
		{6B15F0AE-55AB-4A30-A371-155C4105EF5B}.Debug|Any CPU.Build.0 = Debug|Any CPU
		{6B15F0AE-55AB-4A30-A371-155C4105EF5B}.Release|Any CPU.ActiveCfg = Release|Any CPU
		{6B15F0AE-55AB-4A30-A371-155C4105EF5B}.Release|Any CPU.Build.0 = Release|Any CPU
		{1F00C969-C864-4E61-8FE6-E738259181AF}.Debug|Any CPU.ActiveCfg = Debug|Any CPU
		{1F00C969-C864-4E61-8FE6-E738259181AF}.Debug|Any CPU.Build.0 = Debug|Any CPU
		{1F00C969-C864-4E61-8FE6-E738259181AF}.Release|Any CPU.ActiveCfg = Release|Any CPU
		{1F00C969-C864-4E61-8FE6-E738259181AF}.Release|Any CPU.Build.0 = Release|Any CPU
		{6FD3C3B6-EB44-4018-BD4E-BAC58B728C96}.Debug|Any CPU.ActiveCfg = Debug|Any CPU
		{6FD3C3B6-EB44-4018-BD4E-BAC58B728C96}.Debug|Any CPU.Build.0 = Debug|Any CPU
		{6FD3C3B6-EB44-4018-BD4E-BAC58B728C96}.Release|Any CPU.ActiveCfg = Release|Any CPU
		{6FD3C3B6-EB44-4018-BD4E-BAC58B728C96}.Release|Any CPU.Build.0 = Release|Any CPU
		{8CA1352B-1B1E-4CBD-AD82-F78BD6987BD0}.Debug|Any CPU.ActiveCfg = Debug|Any CPU
		{8CA1352B-1B1E-4CBD-AD82-F78BD6987BD0}.Debug|Any CPU.Build.0 = Debug|Any CPU
		{8CA1352B-1B1E-4CBD-AD82-F78BD6987BD0}.Release|Any CPU.ActiveCfg = Release|Any CPU
		{8CA1352B-1B1E-4CBD-AD82-F78BD6987BD0}.Release|Any CPU.Build.0 = Release|Any CPU
	EndGlobalSection
	GlobalSection(SolutionProperties) = preSolution
		HideSolutionNode = FALSE
	EndGlobalSection
	GlobalSection(ExtensibilityGlobals) = postSolution
		SolutionGuid = {6DEEB62F-4A89-499E-9F91-E17A71736941}
	EndGlobalSection
EndGlobal
